<?xml version="1.0" encoding="UTF-8"?>
<!DOCTYPE plist PUBLIC "-//Apple//DTD PLIST 1.0//EN" "http://www.apple.com/DTDs/PropertyList-1.0.dtd">
<plist version="1.0">
<dict>
	<key>archiveVersion</key>
	<string>1</string>
	<key>classes</key>
	<dict/>
	<key>objectVersion</key>
	<string>46</string>
	<key>objects</key>
	<dict>
		<key>0BE14A8591F8BF3C809F65F3</key>
		<dict>
			<key>isa</key>
			<string>PBXFileReference</string>
			<key>lastKnownFileType</key>
			<string>sourcecode.c.h</string>
			<key>name</key>
			<string>_Users_okennedy_Public_SlideSync_UBSlideSync_UBSlideView.h</string>
			<key>path</key>
			<string>.XcodeSupport/_Users_okennedy_Public_SlideSync_UBSlideSync_UBSlideView.h</string>
			<key>sourceTree</key>
			<string>SOURCE_ROOT</string>
		</dict>
		<key>109D415EBD9AC2D83FCF31BE</key>
		<dict>
			<key>isa</key>
			<string>PBXFileReference</string>
			<key>lastKnownFileType</key>
			<string>?</string>
			<key>name</key>
			<string>UBSlideView.j</string>
			<key>path</key>
			<string>UBSlideSync/UBSlideView.j</string>
			<key>sourceTree</key>
			<string>SOURCE_ROOT</string>
		</dict>
		<key>113C47308AD002E5F8848367</key>
		<dict>
			<key>isa</key>
			<string>PBXFileReference</string>
			<key>lastKnownFileType</key>
			<string>?</string>
			<key>name</key>
			<string>ICONObjectList.j</string>
			<key>path</key>
			<string>ICON/ICONObjectList.j</string>
			<key>sourceTree</key>
			<string>SOURCE_ROOT</string>
		</dict>
		<key>27734C38A1D3FECF61DC4017</key>
		<dict>
			<key>isa</key>
			<string>PBXFileReference</string>
			<key>lastKnownFileType</key>
			<string>sourcecode.c.objc</string>
			<key>name</key>
			<string>_Users_okennedy_Public_SlideSync_ICON_ICONObjectList.m</string>
			<key>path</key>
			<string>.XcodeSupport/_Users_okennedy_Public_SlideSync_ICON_ICONObjectList.m</string>
			<key>sourceTree</key>
			<string>SOURCE_ROOT</string>
		</dict>
		<key>2C424A94AA8D74F10BCE2611</key>
		<dict>
			<key>isa</key>
			<string>PBXFileReference</string>
			<key>lastKnownFileType</key>
			<string>sourcecode.c.h</string>
			<key>name</key>
			<string>_Users_okennedy_Public_SlideSync_ICON_ICON.h</string>
			<key>path</key>
			<string>.XcodeSupport/_Users_okennedy_Public_SlideSync_ICON_ICON.h</string>
			<key>sourceTree</key>
			<string>SOURCE_ROOT</string>
		</dict>
		<key>2E744C209EAE2B4A094FE6F9</key>
		<dict>
			<key>isa</key>
			<string>PBXFileReference</string>
			<key>lastKnownFileType</key>
			<string>sourcecode.c.h</string>
			<key>name</key>
			<string>_Users_okennedy_Public_SlideSync_ICON_ICONCollectionViewManager.h</string>
			<key>path</key>
			<string>.XcodeSupport/_Users_okennedy_Public_SlideSync_ICON_ICONCollectionViewManager.h</string>
			<key>sourceTree</key>
			<string>SOURCE_ROOT</string>
		</dict>
		<key>2FDA4C828048A7505A731F7F</key>
		<dict>
			<key>isa</key>
			<string>PBXFileReference</string>
			<key>lastKnownFileType</key>
			<string>sourcecode.c.h</string>
			<key>name</key>
			<string>_Users_okennedy_Public_SlideSync_AppController.h</string>
			<key>path</key>
			<string>.XcodeSupport/_Users_okennedy_Public_SlideSync_AppController.h</string>
			<key>sourceTree</key>
			<string>SOURCE_ROOT</string>
		</dict>
		<key>43CC4D6588CEECADA206FEC8</key>
		<dict>
			<key>isa</key>
			<string>PBXFileReference</string>
			<key>lastKnownFileType</key>
			<string>?</string>
			<key>name</key>
			<string>ICONCollectionViewManager.j</string>
			<key>path</key>
			<string>ICON/ICONCollectionViewManager.j</string>
			<key>sourceTree</key>
			<string>SOURCE_ROOT</string>
		</dict>
		<key>45BF43B38E6A17614CBD32A9</key>
		<dict>
			<key>isa</key>
			<string>PBXFileReference</string>
			<key>lastKnownFileType</key>
			<string>sourcecode.c.objc</string>
			<key>name</key>
			<string>_Users_okennedy_Public_SlideSync_AppController.m</string>
			<key>path</key>
			<string>.XcodeSupport/_Users_okennedy_Public_SlideSync_AppController.m</string>
			<key>sourceTree</key>
			<string>SOURCE_ROOT</string>
		</dict>
		<key>4CE64BFDB96AA9A86DC93AD0</key>
		<dict>
			<key>fileRef</key>
			<string>6A364CADAD9043E127ED0691</string>
			<key>isa</key>
			<string>PBXBuildFile</string>
		</dict>
		<key>50394F5A8D91B7483669FF34</key>
		<dict>
			<key>children</key>
			<array>
				<string>D3034E1EB149184CB3024C64</string>
				<string>2FDA4C828048A7505A731F7F</string>
				<string>45BF43B38E6A17614CBD32A9</string>
				<string>0BE14A8591F8BF3C809F65F3</string>
				<string>6A364CADAD9043E127ED0691</string>
				<string>5182421895BFECECDF4FB9D8</string>
				<string>7B454194A9CD47148069B842</string>
				<string>2C424A94AA8D74F10BCE2611</string>
				<string>F5AF411DB372828CFC836DAA</string>
				<string>2E744C209EAE2B4A094FE6F9</string>
				<string>927D40EC938AD994A990100C</string>
				<string>B6094B2D896EC60DB35E2D63</string>
				<string>27734C38A1D3FECF61DC4017</string>
				<string>73294CFF809B0296597F2506</string>
				<string>99C84555A8E68E9099300B11</string>
			</array>
			<key>isa</key>
			<string>PBXGroup</string>
			<key>name</key>
			<string>Classes</string>
			<key>sourceTree</key>
			<string>&lt;group&gt;</string>
		</dict>
		<key>5182421895BFECECDF4FB9D8</key>
		<dict>
			<key>isa</key>
			<string>PBXFileReference</string>
			<key>lastKnownFileType</key>
			<string>sourcecode.c.h</string>
			<key>name</key>
			<string>_Users_okennedy_Public_SlideSync_UBSlideSync_UBSlideCommandView.h</string>
			<key>path</key>
			<string>.XcodeSupport/_Users_okennedy_Public_SlideSync_UBSlideSync_UBSlideCommandView.h</string>
			<key>sourceTree</key>
			<string>SOURCE_ROOT</string>
		</dict>
		<key>5F124464A2D36549447DFECA</key>
		<dict>
			<key>fileRef</key>
			<string>45BF43B38E6A17614CBD32A9</string>
			<key>isa</key>
			<string>PBXBuildFile</string>
		</dict>
		<key>68D44E26931551FB332CEBEE</key>
		<dict>
			<key>fileRef</key>
			<string>27734C38A1D3FECF61DC4017</string>
			<key>isa</key>
			<string>PBXBuildFile</string>
		</dict>
		<key>691F41F788E712D350E1CCAB</key>
		<dict>
			<key>fileRef</key>
			<string>7B454194A9CD47148069B842</string>
			<key>isa</key>
			<string>PBXBuildFile</string>
		</dict>
		<key>6A364CADAD9043E127ED0691</key>
		<dict>
			<key>isa</key>
			<string>PBXFileReference</string>
			<key>lastKnownFileType</key>
			<string>sourcecode.c.objc</string>
			<key>name</key>
			<string>_Users_okennedy_Public_SlideSync_UBSlideSync_UBSlideView.m</string>
			<key>path</key>
			<string>.XcodeSupport/_Users_okennedy_Public_SlideSync_UBSlideSync_UBSlideView.m</string>
			<key>sourceTree</key>
			<string>SOURCE_ROOT</string>
		</dict>
		<key>73294CFF809B0296597F2506</key>
		<dict>
			<key>isa</key>
			<string>PBXFileReference</string>
			<key>lastKnownFileType</key>
			<string>sourcecode.c.h</string>
			<key>name</key>
			<string>_Users_okennedy_Public_SlideSync_ICON_ICONTableViewManager.h</string>
			<key>path</key>
			<string>.XcodeSupport/_Users_okennedy_Public_SlideSync_ICON_ICONTableViewManager.h</string>
			<key>sourceTree</key>
			<string>SOURCE_ROOT</string>
		</dict>
		<key>7B454194A9CD47148069B842</key>
		<dict>
			<key>isa</key>
			<string>PBXFileReference</string>
			<key>lastKnownFileType</key>
			<string>sourcecode.c.objc</string>
			<key>name</key>
			<string>_Users_okennedy_Public_SlideSync_UBSlideSync_UBSlideCommandView.m</string>
			<key>path</key>
			<string>.XcodeSupport/_Users_okennedy_Public_SlideSync_UBSlideSync_UBSlideCommandView.m</string>
			<key>sourceTree</key>
			<string>SOURCE_ROOT</string>
		</dict>
		<key>846348CBA8AF313DBA8E38C8</key>
		<dict>
			<key>isa</key>
			<string>PBXFileReference</string>
			<key>lastKnownFileType</key>
			<string>?</string>
			<key>name</key>
			<string>ICONTableViewManager.j</string>
			<key>path</key>
			<string>ICON/ICONTableViewManager.j</string>
			<key>sourceTree</key>
			<string>SOURCE_ROOT</string>
		</dict>
		<key>927D40EC938AD994A990100C</key>
		<dict>
			<key>isa</key>
			<string>PBXFileReference</string>
			<key>lastKnownFileType</key>
			<string>sourcecode.c.objc</string>
			<key>name</key>
			<string>_Users_okennedy_Public_SlideSync_ICON_ICONCollectionViewManager.m</string>
			<key>path</key>
			<string>.XcodeSupport/_Users_okennedy_Public_SlideSync_ICON_ICONCollectionViewManager.m</string>
			<key>sourceTree</key>
			<string>SOURCE_ROOT</string>
		</dict>
		<key>92DF493BA292CF88169268EB</key>
		<dict>
			<key>isa</key>
			<string>PBXFileReference</string>
			<key>lastKnownFileType</key>
			<string>?</string>
			<key>name</key>
			<string>UBSlideCommandView.j</string>
			<key>path</key>
			<string>UBSlideSync/UBSlideCommandView.j</string>
			<key>sourceTree</key>
			<string>SOURCE_ROOT</string>
		</dict>
		<key>99C84555A8E68E9099300B11</key>
		<dict>
			<key>isa</key>
			<string>PBXFileReference</string>
			<key>lastKnownFileType</key>
			<string>sourcecode.c.objc</string>
			<key>name</key>
			<string>_Users_okennedy_Public_SlideSync_ICON_ICONTableViewManager.m</string>
			<key>path</key>
			<string>.XcodeSupport/_Users_okennedy_Public_SlideSync_ICON_ICONTableViewManager.m</string>
			<key>sourceTree</key>
			<string>SOURCE_ROOT</string>
		</dict>
		<key>9EEC4488135749D200615446</key>
		<dict>
			<key>children</key>
			<array>
				<string>9EEC44CB13574A0B00615446</string>
				<string>9EEC4496135749D200615446</string>
				<string>50394F5A8D91B7483669FF34</string>
				<string>B8454EDAAF4F579FDC2966CC</string>
			</array>
			<key>isa</key>
			<string>PBXGroup</string>
			<key>sourceTree</key>
			<string>&lt;group&gt;</string>
		</dict>
		<key>9EEC448A135749D200615446</key>
		<dict>
			<key>attributes</key>
			<dict>
				<key>LastUpgradeCheck</key>
				<string>0460</string>
				<key>ORGANIZATIONNAME</key>
				<string>280 North, Inc.</string>
			</dict>
			<key>buildConfigurationList</key>
			<string>9EEC448D135749D200615446</string>
			<key>compatibilityVersion</key>
			<string>Xcode 3.2</string>
			<key>developmentRegion</key>
			<string>English</string>
			<key>hasScannedForEncodings</key>
			<string>0</string>
			<key>isa</key>
			<string>PBXProject</string>
			<key>knownRegions</key>
			<array>
				<string>en</string>
			</array>
			<key>mainGroup</key>
			<string>9EEC4488135749D200615446</string>
			<key>productRefGroup</key>
			<string>9EEC4494135749D200615446</string>
			<key>projectDirPath</key>
			<string></string>
			<key>projectRoot</key>
			<string></string>
			<key>targets</key>
			<array>
				<string>9EEC4492135749D200615446</string>
			</array>
		</dict>
		<key>9EEC448D135749D200615446</key>
		<dict>
			<key>buildConfigurations</key>
			<array>
				<string>9EEC44C3135749D300615446</string>
				<string>9EEC44C4135749D300615446</string>
			</array>
			<key>defaultConfigurationIsVisible</key>
			<string>0</string>
			<key>defaultConfigurationName</key>
			<string>Release</string>
			<key>isa</key>
			<string>XCConfigurationList</string>
		</dict>
		<key>9EEC448F135749D200615446</key>
		<dict>
			<key>buildActionMask</key>
			<string>2147483647</string>
			<key>files</key>
			<array>
				<string>5F124464A2D36549447DFECA</string>
				<string>4CE64BFDB96AA9A86DC93AD0</string>
				<string>691F41F788E712D350E1CCAB</string>
				<string>F1174A70995FC221B17BFB3E</string>
				<string>B2254E299906274572CD1F1C</string>
				<string>68D44E26931551FB332CEBEE</string>
				<string>CB89484899621F8497766E30</string>
			</array>
			<key>isa</key>
			<string>PBXSourcesBuildPhase</string>
			<key>runOnlyForDeploymentPostprocessing</key>
			<string>0</string>
		</dict>
		<key>9EEC4490135749D200615446</key>
		<dict>
			<key>buildActionMask</key>
			<string>2147483647</string>
			<key>files</key>
			<array>
				<string>9EEC4498135749D200615446</string>
			</array>
			<key>isa</key>
			<string>PBXFrameworksBuildPhase</string>
			<key>runOnlyForDeploymentPostprocessing</key>
			<string>0</string>
		</dict>
		<key>9EEC4491135749D200615446</key>
		<dict>
			<key>buildActionMask</key>
			<string>2147483647</string>
			<key>files</key>
			<array>
				<string>9EEC44CC13574A0B00615446</string>
			</array>
			<key>isa</key>
			<string>PBXResourcesBuildPhase</string>
			<key>runOnlyForDeploymentPostprocessing</key>
			<string>0</string>
		</dict>
		<key>9EEC4492135749D200615446</key>
		<dict>
			<key>buildConfigurationList</key>
			<string>9EEC44C5135749D300615446</string>
			<key>buildPhases</key>
			<array>
				<string>9EEC448F135749D200615446</string>
				<string>9EEC4490135749D200615446</string>
				<string>9EEC4491135749D200615446</string>
			</array>
			<key>buildRules</key>
			<array/>
			<key>dependencies</key>
			<array/>
			<key>isa</key>
			<string>PBXNativeTarget</string>
			<key>name</key>
			<string>Another</string>
			<key>productName</key>
			<string>Another</string>
			<key>productReference</key>
			<string>9EEC4493135749D200615446</string>
			<key>productType</key>
			<string>com.apple.product-type.application</string>
		</dict>
		<key>9EEC4493135749D200615446</key>
		<dict>
			<key>explicitFileType</key>
			<string>wrapper.application</string>
			<key>includeInIndex</key>
			<string>0</string>
			<key>isa</key>
			<string>PBXFileReference</string>
			<key>path</key>
			<string>Another.app</string>
			<key>sourceTree</key>
			<string>BUILT_PRODUCTS_DIR</string>
		</dict>
		<key>9EEC4494135749D200615446</key>
		<dict>
			<key>children</key>
			<array>
				<string>9EEC4493135749D200615446</string>
			</array>
			<key>isa</key>
			<string>PBXGroup</string>
			<key>name</key>
			<string>Products</string>
			<key>sourceTree</key>
			<string>&lt;group&gt;</string>
		</dict>
		<key>9EEC4496135749D200615446</key>
		<dict>
			<key>children</key>
			<array>
				<string>9EEC4497135749D200615446</string>
				<string>9EEC4499135749D300615446</string>
			</array>
			<key>isa</key>
			<string>PBXGroup</string>
			<key>name</key>
			<string>Frameworks</string>
			<key>sourceTree</key>
			<string>&lt;group&gt;</string>
		</dict>
		<key>9EEC4497135749D200615446</key>
		<dict>
			<key>isa</key>
			<string>PBXFileReference</string>
			<key>lastKnownFileType</key>
			<string>wrapper.framework</string>
			<key>name</key>
			<string>Cocoa.framework</string>
			<key>path</key>
			<string>System/Library/Frameworks/Cocoa.framework</string>
			<key>sourceTree</key>
			<string>SDKROOT</string>
		</dict>
		<key>9EEC4498135749D200615446</key>
		<dict>
			<key>fileRef</key>
			<string>9EEC4497135749D200615446</string>
			<key>isa</key>
			<string>PBXBuildFile</string>
		</dict>
		<key>9EEC4499135749D300615446</key>
		<dict>
			<key>children</key>
			<array>
				<string>9EEC449A135749D300615446</string>
				<string>9EEC449B135749D300615446</string>
				<string>9EEC449C135749D300615446</string>
			</array>
			<key>isa</key>
			<string>PBXGroup</string>
			<key>name</key>
			<string>Other Frameworks</string>
			<key>sourceTree</key>
			<string>&lt;group&gt;</string>
		</dict>
		<key>9EEC449A135749D300615446</key>
		<dict>
			<key>isa</key>
			<string>PBXFileReference</string>
			<key>lastKnownFileType</key>
			<string>wrapper.framework</string>
			<key>name</key>
			<string>AppKit.framework</string>
			<key>path</key>
			<string>System/Library/Frameworks/AppKit.framework</string>
			<key>sourceTree</key>
			<string>SDKROOT</string>
		</dict>
		<key>9EEC449B135749D300615446</key>
		<dict>
			<key>isa</key>
			<string>PBXFileReference</string>
			<key>lastKnownFileType</key>
			<string>wrapper.framework</string>
			<key>name</key>
			<string>CoreData.framework</string>
			<key>path</key>
			<string>System/Library/Frameworks/CoreData.framework</string>
			<key>sourceTree</key>
			<string>SDKROOT</string>
		</dict>
		<key>9EEC449C135749D300615446</key>
		<dict>
			<key>isa</key>
			<string>PBXFileReference</string>
			<key>lastKnownFileType</key>
			<string>wrapper.framework</string>
			<key>name</key>
			<string>Foundation.framework</string>
			<key>path</key>
			<string>System/Library/Frameworks/Foundation.framework</string>
			<key>sourceTree</key>
			<string>SDKROOT</string>
		</dict>
		<key>9EEC44C3135749D300615446</key>
		<dict>
			<key>buildSettings</key>
			<dict>
				<key>ARCHS</key>
				<string>$(ARCHS_STANDARD_32_64_BIT)</string>
				<key>CLANG_WARN_CONSTANT_CONVERSION</key>
				<string>YES</string>
				<key>CLANG_WARN_ENUM_CONVERSION</key>
				<string>YES</string>
				<key>CLANG_WARN_INT_CONVERSION</key>
				<string>YES</string>
				<key>CLANG_WARN__DUPLICATE_METHOD_MATCH</key>
				<string>YES</string>
				<key>GCC_C_LANGUAGE_STANDARD</key>
				<string>gnu99</string>
				<key>GCC_OPTIMIZATION_LEVEL</key>
				<string>0</string>
				<key>GCC_PREPROCESSOR_DEFINITIONS</key>
				<string>DEBUG</string>
				<key>GCC_SYMBOLS_PRIVATE_EXTERN</key>
				<string>NO</string>
				<key>GCC_VERSION</key>
				<string>com.apple.compilers.llvm.clang.1_0</string>
				<key>GCC_WARN_64_TO_32_BIT_CONVERSION</key>
				<string>YES</string>
				<key>GCC_WARN_ABOUT_RETURN_TYPE</key>
				<string>YES</string>
				<key>GCC_WARN_UNINITIALIZED_AUTOS</key>
				<string>YES</string>
				<key>GCC_WARN_UNUSED_VARIABLE</key>
				<string>YES</string>
				<key>MACOSX_DEPLOYMENT_TARGET</key>
				<string>10.6</string>
				<key>ONLY_ACTIVE_ARCH</key>
				<string>YES</string>
				<key>SDKROOT</key>
				<string>macosx</string>
			</dict>
			<key>isa</key>
			<string>XCBuildConfiguration</string>
			<key>name</key>
			<string>Debug</string>
		</dict>
		<key>9EEC44C4135749D300615446</key>
		<dict>
			<key>buildSettings</key>
			<dict>
				<key>ARCHS</key>
				<string>$(ARCHS_STANDARD_32_64_BIT)</string>
				<key>CLANG_WARN_CONSTANT_CONVERSION</key>
				<string>YES</string>
				<key>CLANG_WARN_ENUM_CONVERSION</key>
				<string>YES</string>
				<key>CLANG_WARN_INT_CONVERSION</key>
				<string>YES</string>
				<key>CLANG_WARN__DUPLICATE_METHOD_MATCH</key>
				<string>YES</string>
				<key>GCC_C_LANGUAGE_STANDARD</key>
				<string>gnu99</string>
				<key>GCC_VERSION</key>
				<string>com.apple.compilers.llvm.clang.1_0</string>
				<key>GCC_WARN_64_TO_32_BIT_CONVERSION</key>
				<string>YES</string>
				<key>GCC_WARN_ABOUT_RETURN_TYPE</key>
				<string>YES</string>
				<key>GCC_WARN_UNINITIALIZED_AUTOS</key>
				<string>YES</string>
				<key>GCC_WARN_UNUSED_VARIABLE</key>
				<string>YES</string>
				<key>MACOSX_DEPLOYMENT_TARGET</key>
				<string>10.6</string>
				<key>SDKROOT</key>
				<string>macosx</string>
			</dict>
			<key>isa</key>
			<string>XCBuildConfiguration</string>
			<key>name</key>
			<string>Release</string>
		</dict>
		<key>9EEC44C5135749D300615446</key>
		<dict>
			<key>buildConfigurations</key>
			<array>
				<string>9EEC44C6135749D300615446</string>
				<string>9EEC44C7135749D300615446</string>
			</array>
			<key>defaultConfigurationIsVisible</key>
			<string>0</string>
			<key>defaultConfigurationName</key>
			<string>Release</string>
			<key>isa</key>
			<string>XCConfigurationList</string>
		</dict>
		<key>9EEC44C6135749D300615446</key>
		<dict>
			<key>buildSettings</key>
			<dict>
				<key>ALWAYS_SEARCH_USER_PATHS</key>
				<string>NO</string>
				<key>COMBINE_HIDPI_IMAGES</key>
				<string>YES</string>
				<key>COPY_PHASE_STRIP</key>
				<string>NO</string>
				<key>GCC_DYNAMIC_NO_PIC</key>
				<string>NO</string>
				<key>GCC_ENABLE_OBJC_EXCEPTIONS</key>
				<string>YES</string>
				<key>GCC_PRECOMPILE_PREFIX_HEADER</key>
				<string>YES</string>
				<key>GCC_PREFIX_HEADER</key>
				<string>Another/Another-Prefix.pch</string>
				<key>INFOPLIST_FILE</key>
				<string>Another/Another-Info.plist</string>
				<key>PRODUCT_NAME</key>
				<string>$(TARGET_NAME)</string>
				<key>WRAPPER_EXTENSION</key>
				<string>app</string>
			</dict>
			<key>isa</key>
			<string>XCBuildConfiguration</string>
			<key>name</key>
			<string>Debug</string>
		</dict>
		<key>9EEC44C7135749D300615446</key>
		<dict>
			<key>buildSettings</key>
			<dict>
				<key>ALWAYS_SEARCH_USER_PATHS</key>
				<string>NO</string>
				<key>COMBINE_HIDPI_IMAGES</key>
				<string>YES</string>
				<key>COPY_PHASE_STRIP</key>
				<string>YES</string>
				<key>DEBUG_INFORMATION_FORMAT</key>
				<string>dwarf-with-dsym</string>
				<key>GCC_ENABLE_OBJC_EXCEPTIONS</key>
				<string>YES</string>
				<key>GCC_PRECOMPILE_PREFIX_HEADER</key>
				<string>YES</string>
				<key>GCC_PREFIX_HEADER</key>
				<string>Another/Another-Prefix.pch</string>
				<key>INFOPLIST_FILE</key>
				<string>Another/Another-Info.plist</string>
				<key>PRODUCT_NAME</key>
				<string>$(TARGET_NAME)</string>
				<key>WRAPPER_EXTENSION</key>
				<string>app</string>
			</dict>
			<key>isa</key>
			<string>XCBuildConfiguration</string>
			<key>name</key>
			<string>Release</string>
		</dict>
		<key>9EEC44CB13574A0B00615446</key>
		<dict>
			<key>isa</key>
			<string>PBXFileReference</string>
			<key>lastKnownFileType</key>
			<string>folder</string>
			<key>name</key>
			<string>CappuccinoResources</string>
			<key>path</key>
			<string>Resources</string>
			<key>sourceTree</key>
			<string>&lt;group&gt;</string>
		</dict>
		<key>9EEC44CC13574A0B00615446</key>
		<dict>
			<key>fileRef</key>
			<string>9EEC44CB13574A0B00615446</string>
			<key>isa</key>
			<string>PBXBuildFile</string>
		</dict>
		<key>A5F14F82B5D1420EB9F73B79</key>
		<dict>
			<key>isa</key>
			<string>PBXFileReference</string>
			<key>lastKnownFileType</key>
			<string>?</string>
			<key>name</key>
			<string>ICON.j</string>
			<key>path</key>
			<string>ICON/ICON.j</string>
			<key>sourceTree</key>
			<string>SOURCE_ROOT</string>
		</dict>
		<key>B1D540189C2B479246A454F0</key>
		<dict>
			<key>isa</key>
			<string>PBXFileReference</string>
			<key>lastKnownFileType</key>
			<string>?</string>
			<key>path</key>
			<string>AppController.j</string>
			<key>sourceTree</key>
			<string>SOURCE_ROOT</string>
		</dict>
		<key>B2254E299906274572CD1F1C</key>
		<dict>
			<key>fileRef</key>
			<string>927D40EC938AD994A990100C</string>
			<key>isa</key>
			<string>PBXBuildFile</string>
		</dict>
		<key>B6094B2D896EC60DB35E2D63</key>
		<dict>
			<key>isa</key>
			<string>PBXFileReference</string>
			<key>lastKnownFileType</key>
			<string>sourcecode.c.h</string>
			<key>name</key>
			<string>_Users_okennedy_Public_SlideSync_ICON_ICONObjectList.h</string>
			<key>path</key>
			<string>.XcodeSupport/_Users_okennedy_Public_SlideSync_ICON_ICONObjectList.h</string>
			<key>sourceTree</key>
			<string>SOURCE_ROOT</string>
		</dict>
		<key>B8454EDAAF4F579FDC2966CC</key>
		<dict>
			<key>children</key>
			<array>
				<string>B1D540189C2B479246A454F0</string>
				<string>109D415EBD9AC2D83FCF31BE</string>
				<string>92DF493BA292CF88169268EB</string>
				<string>A5F14F82B5D1420EB9F73B79</string>
				<string>43CC4D6588CEECADA206FEC8</string>
				<string>113C47308AD002E5F8848367</string>
				<string>846348CBA8AF313DBA8E38C8</string>
			</array>
			<key>isa</key>
			<string>PBXGroup</string>
			<key>name</key>
			<string>Sources</string>
			<key>sourceTree</key>
			<string>&lt;group&gt;</string>
		</dict>
		<key>CB89484899621F8497766E30</key>
		<dict>
			<key>fileRef</key>
			<string>99C84555A8E68E9099300B11</string>
			<key>isa</key>
			<string>PBXBuildFile</string>
		</dict>
		<key>D3034E1EB149184CB3024C64</key>
		<dict>
			<key>isa</key>
			<string>PBXFileReference</string>
			<key>lastKnownFileType</key>
			<string>sourcecode.c.h</string>
			<key>name</key>
			<string>xcc_general_include.h</string>
			<key>path</key>
			<string>.XcodeSupport/xcc_general_include.h</string>
			<key>sourceTree</key>
			<string>SOURCE_ROOT</string>
		</dict>
		<key>F1174A70995FC221B17BFB3E</key>
		<dict>
			<key>fileRef</key>
			<string>F5AF411DB372828CFC836DAA</string>
			<key>isa</key>
			<string>PBXBuildFile</string>
		</dict>
		<key>F5AF411DB372828CFC836DAA</key>
		<dict>
			<key>isa</key>
			<string>PBXFileReference</string>
			<key>lastKnownFileType</key>
			<string>sourcecode.c.objc</string>
			<key>name</key>
			<string>_Users_okennedy_Public_SlideSync_ICON_ICON.m</string>
			<key>path</key>
			<string>.XcodeSupport/_Users_okennedy_Public_SlideSync_ICON_ICON.m</string>
			<key>sourceTree</key>
			<string>SOURCE_ROOT</string>
		</dict>
	</dict>
	<key>rootObject</key>
	<string>9EEC448A135749D200615446</string>
</dict>
</plist>
